
Microsoft Visual Studio Solution File, Format Version 12.00
# Visual Studio Version 16
VisualStudioVersion = 16.0.31702.278
MinimumVisualStudioVersion = 10.0.40219.1
Project("{FAE04EC0-301F-11D3-BF4B-00C04F79EFBC}") = "EmpProj", "EmpProj\EmpProj.csproj", "{59717B07-B83B-4884-A087-22E6782387C9}"
EndProject
Global
	GlobalSection(SolutionConfigurationPlatforms) = preSolution
		Debug|Any CPU = Debug|Any CPU
		Release|Any CPU = Release|Any CPU
	EndGlobalSection
	GlobalSection(ProjectConfigurationPlatforms) = postSolution
		{59717B07-B83B-4884-A087-22E6782387C9}.Debug|Any CPU.ActiveCfg = Debug|Any CPU
		{59717B07-B83B-4884-A087-22E6782387C9}.Debug|Any CPU.Build.0 = Debug|Any CPU
		{59717B07-B83B-4884-A087-22E6782387C9}.Release|Any CPU.ActiveCfg = Release|Any CPU
		{59717B07-B83B-4884-A087-22E6782387C9}.Release|Any CPU.Build.0 = Release|Any CPU
	EndGlobalSection
	GlobalSection(SolutionProperties) = preSolution
		HideSolutionNode = FALSE
	EndGlobalSection
	GlobalSection(ExtensibilityGlobals) = postSolution
		SolutionGuid = {4B33420D-657B-4D96-BA97-7DA10D327FE1}
	EndGlobalSection
EndGlobal
